
Microsoft Visual Studio Solution File, Format Version 12.00
# Visual Studio Version 16
VisualStudioVersion = 16.0.33130.400
MinimumVisualStudioVersion = 10.0.40219.1
Project("{FAE04EC0-301F-11D3-BF4B-00C04F79EFBC}") = "QuickMartCoreMVCApp", "WebApplication1\QuickMartCoreMVCApp.csproj", "{CEC54C89-CF25-459A-B1CF-1D05E55A8827}"
EndProject
Project("{FAE04EC0-301F-11D3-BF4B-00C04F79EFBC}") = "QuickMartDataAccessLayer", "QuickMartDataAccessLayer\QuickMartDataAccessLayer.csproj", "{C2459003-C8D4-44D0-8C5A-14CD7427F9D1}"
EndProject
Global
	GlobalSection(SolutionConfigurationPlatforms) = preSolution
		Debug|Any CPU = Debug|Any CPU
		Release|Any CPU = Release|Any CPU
	EndGlobalSection
	GlobalSection(ProjectConfigurationPlatforms) = postSolution
		{CEC54C89-CF25-459A-B1CF-1D05E55A8827}.Debug|Any CPU.ActiveCfg = Debug|Any CPU
		{CEC54C89-CF25-459A-B1CF-1D05E55A8827}.Debug|Any CPU.Build.0 = Debug|Any CPU
		{CEC54C89-CF25-459A-B1CF-1D05E55A8827}.Release|Any CPU.ActiveCfg = Release|Any CPU
		{CEC54C89-CF25-459A-B1CF-1D05E55A8827}.Release|Any CPU.Build.0 = Release|Any CPU
		{C2459003-C8D4-44D0-8C5A-14CD7427F9D1}.Debug|Any CPU.ActiveCfg = Debug|Any CPU
		{C2459003-C8D4-44D0-8C5A-14CD7427F9D1}.Debug|Any CPU.Build.0 = Debug|Any CPU
		{C2459003-C8D4-44D0-8C5A-14CD7427F9D1}.Release|Any CPU.ActiveCfg = Release|Any CPU
		{C2459003-C8D4-44D0-8C5A-14CD7427F9D1}.Release|Any CPU.Build.0 = Release|Any CPU
	EndGlobalSection
	GlobalSection(SolutionProperties) = preSolution
		HideSolutionNode = FALSE
	EndGlobalSection
	GlobalSection(ExtensibilityGlobals) = postSolution
		SolutionGuid = {4AAE61A7-FA44-433B-AF6A-0AF0B924C897}
	EndGlobalSection
EndGlobal
